{
  "name": "@wulfland/package-demo",
  "version": "1.0.1",
  "lockfileVersion": 1,
  "requires": true,
  "dependencies": {
    "@wulfland/acceleratedevops": {
      "version": "1.3.5",
      "resolved": "https://registry.npmjs.org/@wulfland/acceleratedevops/-/acceleratedevops-1.3.5.tgz",
      "integrity": "sha512-45GrR1qgTTiiHnmV3siAccd9wGdSCoDbBpLKaE9kuGK1kZQE5VzjZth3X9VMy9VMWX5AxGigIAlgmeRX3F2Pvg=="
    }
  }
}
