{
  "name": "@wulfland/package-demo",
  "version": "1.0.1",
  "lockfileVersion": 1,
  "requires": true,
  "dependencies": {
    "@wulfland/acceleratedevops": {
      "version": "1.2.1",
      "resolved": "https://npm.pkg.github.com/download/@wulfland/acceleratedevops/1.2.1/61e270edbb7d6393c33fbb7d3a266fe5a446df704748ee811913e9eb81ad144b",
      "integrity": "sha512-LqyKRLcc+lHE99/udPW5ujxJyzteDCPLXcZOf5jM8HFQd6bvaOWQAcHbgqv3KSe1D+AMdVITBRX6iBW18oOMWQ=="
    }
  }
}
